
Microsoft Visual Studio Solution File, Format Version 12.00
# Visual Studio 15
VisualStudioVersion = 15.0.26730.16
MinimumVisualStudioVersion = 10.0.40219.1
Project("{FAE04EC0-301F-11D3-BF4B-00C04F79EFBC}") = "SolarPoweredCeilingLight", "SolarPoweredCeilingLight.csproj", "{F4548FF9-668D-45C2-8D3B-BBF2D186427B}"
EndProject
Global
	GlobalSection(SolutionConfigurationPlatforms) = preSolution
		Debug|Any CPU = Debug|Any CPU
		Release|Any CPU = Release|Any CPU
	EndGlobalSection
	GlobalSection(ProjectConfigurationPlatforms) = postSolution
		{F4548FF9-668D-45C2-8D3B-BBF2D186427B}.Debug|Any CPU.ActiveCfg = Debug|Any CPU
		{F4548FF9-668D-45C2-8D3B-BBF2D186427B}.Debug|Any CPU.Build.0 = Debug|Any CPU
		{F4548FF9-668D-45C2-8D3B-BBF2D186427B}.Release|Any CPU.ActiveCfg = Release|Any CPU
		{F4548FF9-668D-45C2-8D3B-BBF2D186427B}.Release|Any CPU.Build.0 = Release|Any CPU
	EndGlobalSection
	GlobalSection(SolutionProperties) = preSolution
		HideSolutionNode = FALSE
	EndGlobalSection
	GlobalSection(ExtensibilityGlobals) = postSolution
		SolutionGuid = {5AFA1878-BA7E-472E-90EC-BE3DC40E699C}
	EndGlobalSection
EndGlobal
